<?xml version="1.0" encoding="utf-8"?>
<Project ToolsVersion="4.0" xmlns="http://schemas.microsoft.com/developer/msbuild/2003">
  <ItemGroup>
    <Filter Include="Fichiers sources">
      <UniqueIdentifier>{4FC737F1-C7A5-4376-A066-2A32D752A2FF}</UniqueIdentifier>
      <Extensions>cpp;c;cc;cxx;c++;cppm;ixx;def;odl;idl;hpj;bat;asm;asmx</Extensions>
    </Filter>
    <Filter Include="Fichiers d%27en-tête">
      <UniqueIdentifier>{93995380-89BD-4b04-88EB-625FBE52EBFB}</UniqueIdentifier>
      <Extensions>h;hh;hpp;hxx;h++;hm;inl;inc;ipp;xsd</Extensions>
    </Filter>
    <Filter Include="Fichiers de ressources">
      <UniqueIdentifier>{67DA6AB6-F800-4c08-8B7A-83BB121AAD01}</UniqueIdentifier>
      <Extensions>rc;ico;cur;bmp;dlg;rc2;rct;bin;rgs;gif;jpg;jpeg;jpe;resx;tiff;tif;png;wav;mfcribbon-ms</Extensions>
    </Filter>
  </ItemGroup>
  <ItemGroup>
    <ClInclude Include="Scripts\includes\Constants.h">
      <Filter>Fichiers d%27en-tête</Filter>
    </ClInclude>
    <ClInclude Include="Scripts\includes\Game.h">
      <Filter>Fichiers d%27en-tête</Filter>
    </ClInclude>
    <ClInclude Include="Scripts\includes\Font.h">
      <Filter>Fichiers d%27en-tête</Filter>
    </ClInclude>
    <ClInclude Include="Scripts\includes\CombatElements\CharacterElements\Character.h">
      <Filter>Fichiers d%27en-tête</Filter>
    </ClInclude>
    <ClInclude Include="Scripts\includes\CombatElements\CharacterElements\Health.h">
      <Filter>Fichiers d%27en-tête</Filter>
    </ClInclude>
    <ClInclude Include="Scripts\includes\CombatElements\CharacterElements\Regeneration.h">
      <Filter>Fichiers d%27en-tête</Filter>
    </ClInclude>
    <ClInclude Include="Scripts\includes\CombatElements\CharacterElements\Stamina.h">
      <Filter>Fichiers d%27en-tête</Filter>
    </ClInclude>
    <ClInclude Include="Scripts\includes\MenuElements\TextButton.h">
      <Filter>Fichiers d%27en-tête</Filter>
    </ClInclude>
    <ClInclude Include="Scripts\includes\Scenes\CombatScene.h">
      <Filter>Fichiers d%27en-tête</Filter>
    </ClInclude>
    <ClInclude Include="Scripts\includes\Scenes\Scene.h">
      <Filter>Fichiers d%27en-tête</Filter>
    </ClInclude>
    <ClInclude Include="Scripts\includes\Scenes\SceneManager.h">
      <Filter>Fichiers d%27en-tête</Filter>
    </ClInclude>
    <ClInclude Include="Scripts\includes\Scenes\StartScene.h">
      <Filter>Fichiers d%27en-tête</Filter>
    </ClInclude>
    <ClInclude Include="Scripts\includes\MenuElements\Button.h">
      <Filter>Fichiers d%27en-tête</Filter>
    </ClInclude>
  </ItemGroup>
  <ItemGroup>
    <ClCompile Include="Scripts\src\CombatElements\CharacterElements\Regeneration.cpp">
      <Filter>Fichiers sources</Filter>
    </ClCompile>
    <ClCompile Include="Scripts\src\CombatElements\CharacterElements\Health.cpp">
      <Filter>Fichiers sources</Filter>
    </ClCompile>
    <ClCompile Include="Scripts\src\CombatElements\CharacterElements\Stamina.cpp">
      <Filter>Fichiers sources</Filter>
    </ClCompile>
    <ClCompile Include="Scripts\src\CombatElements\CharacterElements\Character.cpp">
      <Filter>Fichiers sources</Filter>
    </ClCompile>
    <ClCompile Include="Scripts\src\Scenes\CombatScene.cpp">
      <Filter>Fichiers sources</Filter>
    </ClCompile>
    <ClCompile Include="Scripts\src\Main.cpp">
      <Filter>Fichiers sources</Filter>
    </ClCompile>
    <ClCompile Include="Scripts\src\Game.cpp">
      <Filter>Fichiers sources</Filter>
    </ClCompile>
    <ClCompile Include="Scripts\src\Scenes\StartScene.cpp">
      <Filter>Fichiers sources</Filter>
    </ClCompile>
    <ClCompile Include="Scripts\src\Scenes\SceneManager.cpp">
      <Filter>Fichiers sources</Filter>
    </ClCompile>
    <ClCompile Include="Scripts\src\MenuElements\TextButton.cpp">
      <Filter>Fichiers sources</Filter>
    </ClCompile>
    <ClCompile Include="Scripts\src\Scenes\Scene.cpp">
      <Filter>Fichiers sources</Filter>
    </ClCompile>
    <ClCompile Include="Scripts\src\Font.cpp">
      <Filter>Fichiers sources</Filter>
    </ClCompile>
    <ClCompile Include="Scripts\includes\MenuElements\ImageButton.h">
      <Filter>Fichiers sources</Filter>
    </ClCompile>
    <ClCompile Include="Scripts\src\MenuElements\Button.cpp">
      <Filter>Fichiers sources</Filter>
    </ClCompile>
    <ClCompile Include="Scripts\src\MenuElements\ImageButton.cpp">
      <Filter>Fichiers sources</Filter>
    </ClCompile>
  </ItemGroup>
  <ItemGroup>
    <Image Include="Assets\StartScene\EgoDimension\BrouillonBackGroundMenu.png">
      <Filter>Fichiers de ressources</Filter>
    </Image>
    <Image Include="Assets\StartScene\Bilskin\BackgroundBilskin.png">
      <Filter>Fichiers de ressources</Filter>
    </Image>
    <Image Include="Assets\StartScene\Bilskin\ButtonBackgroundBilskin.png">
      <Filter>Fichiers de ressources</Filter>
    </Image>
    <Image Include="Assets\Fonts\BigFont.png">
      <Filter>Fichiers de ressources</Filter>
    </Image>
    <Image Include="Assets\Fonts\BigFont\BigFont_a.png">
      <Filter>Fichiers de ressources</Filter>
    </Image>
    <Image Include="Assets\Fonts\BigFont\BigFont_b.png">
      <Filter>Fichiers de ressources</Filter>
    </Image>
    <Image Include="Assets\Fonts\BigFont\BigFont_0.png">
      <Filter>Fichiers de ressources</Filter>
    </Image>
    <Image Include="Assets\Fonts\BigFont\BigFont_1.png">
      <Filter>Fichiers de ressources</Filter>
    </Image>
    <Image Include="Assets\Fonts\BigFont\BigFont_2.png">
      <Filter>Fichiers de ressources</Filter>
    </Image>
    <Image Include="Assets\Fonts\BigFont\BigFont_3.png">
      <Filter>Fichiers de ressources</Filter>
    </Image>
    <Image Include="Assets\Fonts\BigFont\BigFont_4.png">
      <Filter>Fichiers de ressources</Filter>
    </Image>
    <Image Include="Assets\Fonts\BigFont\BigFont_5.png">
      <Filter>Fichiers de ressources</Filter>
    </Image>
    <Image Include="Assets\Fonts\BigFont\BigFont_6.png">
      <Filter>Fichiers de ressources</Filter>
    </Image>
    <Image Include="Assets\Fonts\BigFont\BigFont_7.png">
      <Filter>Fichiers de ressources</Filter>
    </Image>
    <Image Include="Assets\Fonts\BigFont\BigFont_8.png">
      <Filter>Fichiers de ressources</Filter>
    </Image>
    <Image Include="Assets\Fonts\BigFont\BigFont_9.png">
      <Filter>Fichiers de ressources</Filter>
    </Image>
    <Image Include="Assets\Fonts\BigFont\BigFont_c.png">
      <Filter>Fichiers de ressources</Filter>
    </Image>
    <Image Include="Assets\Fonts\BigFont\BigFont_d.png">
      <Filter>Fichiers de ressources</Filter>
    </Image>
    <Image Include="Assets\Fonts\BigFont\BigFont_e.png">
      <Filter>Fichiers de ressources</Filter>
    </Image>
    <Image Include="Assets\Fonts\BigFont\BigFont_f.png">
      <Filter>Fichiers de ressources</Filter>
    </Image>
    <Image Include="Assets\Fonts\BigFont\BigFont_g.png">
      <Filter>Fichiers de ressources</Filter>
    </Image>
    <Image Include="Assets\Fonts\BigFont\BigFont_h.png">
      <Filter>Fichiers de ressources</Filter>
    </Image>
    <Image Include="Assets\Fonts\BigFont\BigFont_i.png">
      <Filter>Fichiers de ressources</Filter>
    </Image>
    <Image Include="Assets\Fonts\BigFont\BigFont_j.png">
      <Filter>Fichiers de ressources</Filter>
    </Image>
    <Image Include="Assets\Fonts\BigFont\BigFont_k.png">
      <Filter>Fichiers de ressources</Filter>
    </Image>
    <Image Include="Assets\Fonts\BigFont\BigFont_l.png">
      <Filter>Fichiers de ressources</Filter>
    </Image>
    <Image Include="Assets\Fonts\BigFont\BigFont_m.png">
      <Filter>Fichiers de ressources</Filter>
    </Image>
    <Image Include="Assets\Fonts\BigFont\BigFont_n.png">
      <Filter>Fichiers de ressources</Filter>
    </Image>
    <Image Include="Assets\Fonts\BigFont\BigFont_o.png">
      <Filter>Fichiers de ressources</Filter>
    </Image>
    <Image Include="Assets\Fonts\BigFont\BigFont_p.png">
      <Filter>Fichiers de ressources</Filter>
    </Image>
    <Image Include="Assets\Fonts\BigFont\BigFont_q.png">
      <Filter>Fichiers de ressources</Filter>
    </Image>
    <Image Include="Assets\Fonts\BigFont\BigFont_r.png">
      <Filter>Fichiers de ressources</Filter>
    </Image>
    <Image Include="Assets\Fonts\BigFont\BigFont_s.png">
      <Filter>Fichiers de ressources</Filter>
    </Image>
    <Image Include="Assets\Fonts\BigFont\BigFont_t.png">
      <Filter>Fichiers de ressources</Filter>
    </Image>
    <Image Include="Assets\Fonts\BigFont\BigFont_u.png">
      <Filter>Fichiers de ressources</Filter>
    </Image>
    <Image Include="Assets\Fonts\BigFont\BigFont_v.png">
      <Filter>Fichiers de ressources</Filter>
    </Image>
    <Image Include="Assets\Fonts\BigFont\BigFont_w.png">
      <Filter>Fichiers de ressources</Filter>
    </Image>
    <Image Include="Assets\Fonts\BigFont\BigFont_x.png">
      <Filter>Fichiers de ressources</Filter>
    </Image>
    <Image Include="Assets\Fonts\BigFont\BigFont_y.png">
      <Filter>Fichiers de ressources</Filter>
    </Image>
    <Image Include="Assets\Fonts\BigFont\BigFont_z.png">
      <Filter>Fichiers de ressources</Filter>
    </Image>
  </ItemGroup>
</Project>